<?xml version="1.0" encoding="utf-8"?>
<Project ToolsVersion="4.0" xmlns="http://schemas.microsoft.com/developer/msbuild/2003">
  <ItemGroup>
    <Filter Include="Source Files">
      <UniqueIdentifier>{4FC737F1-C7A5-4376-A066-2A32D752A2FF}</UniqueIdentifier>
      <Extensions>cpp;c;cc;cxx;c++;def;odl;idl;hpj;bat;asm;asmx</Extensions>
    </Filter>
    <Filter Include="aleksei">
      <UniqueIdentifier>{c21d5909-4fa0-4c48-8bd2-3eb1ca4f77ee}</UniqueIdentifier>
    </Filter>
    <Filter Include="helper">
      <UniqueIdentifier>{11d1535f-c576-4945-b48e-52effa28df20}</UniqueIdentifier>
    </Filter>
  </ItemGroup>
  <ItemGroup>
    <ClCompile Include="Source.cpp">
      <Filter>Source Files</Filter>
    </ClCompile>
    <ClCompile Include="aleksei\Company.cpp">
      <Filter>aleksei</Filter>
    </ClCompile>
    <ClCompile Include="aleksei\Customer.cpp">
      <Filter>aleksei</Filter>
    </ClCompile>
    <ClCompile Include="aleksei\RBTree.cpp">
      <Filter>aleksei</Filter>
    </ClCompile>
    <ClCompile Include="aleksei\HashTable.cpp">
      <Filter>aleksei</Filter>
    </ClCompile>
  </ItemGroup>
  <ItemGroup>
    <ClInclude Include="aleksei\Company.h">
      <Filter>aleksei</Filter>
    </ClInclude>
    <ClInclude Include="aleksei\Customer.h">
      <Filter>aleksei</Filter>
    </ClInclude>
    <ClInclude Include="aleksei\HashTable.h">
      <Filter>aleksei</Filter>
    </ClInclude>
    <ClInclude Include="aleksei\RBTree.h">
      <Filter>aleksei</Filter>
    </ClInclude>
    <ClInclude Include="helper\List.h">
      <Filter>helper</Filter>
    </ClInclude>
    <ClInclude Include="helper\Pair.h">
      <Filter>helper</Filter>
    </ClInclude>
    <ClInclude Include="helper\Vector.h">
      <Filter>helper</Filter>
    </ClInclude>
  </ItemGroup>
</Project>